
Microsoft Visual Studio Solution File, Format Version 12.00
# Visual Studio Version 17
VisualStudioVersion = 17.5.33516.290
MinimumVisualStudioVersion = 10.0.40219.1
Project("{FAE04EC0-301F-11D3-BF4B-00C04F79EFBC}") = "Kalkulator", "Kalkulator\Kalkulator.csproj", "{AFB6CB5A-5E90-4323-B543-D7E5C478B0A9}"
EndProject
Global
	GlobalSection(SolutionConfigurationPlatforms) = preSolution
		Debug|Any CPU = Debug|Any CPU
		Release|Any CPU = Release|Any CPU
	EndGlobalSection
	GlobalSection(ProjectConfigurationPlatforms) = postSolution
		{AFB6CB5A-5E90-4323-B543-D7E5C478B0A9}.Debug|Any CPU.ActiveCfg = Debug|Any CPU
		{AFB6CB5A-5E90-4323-B543-D7E5C478B0A9}.Debug|Any CPU.Build.0 = Debug|Any CPU
		{AFB6CB5A-5E90-4323-B543-D7E5C478B0A9}.Release|Any CPU.ActiveCfg = Release|Any CPU
		{AFB6CB5A-5E90-4323-B543-D7E5C478B0A9}.Release|Any CPU.Build.0 = Release|Any CPU
	EndGlobalSection
	GlobalSection(SolutionProperties) = preSolution
		HideSolutionNode = FALSE
	EndGlobalSection
	GlobalSection(ExtensibilityGlobals) = postSolution
		SolutionGuid = {A4D7DF64-4B8F-406A-B28D-CC9950A1CD11}
	EndGlobalSection
EndGlobal
